
Microsoft Visual Studio Solution File, Format Version 12.00
# Visual Studio Version 17
VisualStudioVersion = 17.3.32929.385
MinimumVisualStudioVersion = 10.0.40219.1
Project("{9A19103F-16F7-4668-BE54-9A1E7A4F7556}") = "MathParser", "MathParser\MathParser.csproj", "{317C52C3-0CFA-46CE-9886-ACD2293783F8}"
EndProject
Project("{9A19103F-16F7-4668-BE54-9A1E7A4F7556}") = "MathParser.Console", "MathParser.Console\MathParser.Console.csproj", "{C518C89C-F3B0-447D-9365-7E719B3F35F8}"
EndProject
Project("{9A19103F-16F7-4668-BE54-9A1E7A4F7556}") = "MathParser.WinForms", "MathParser.WinForms\MathParser.WinForms.csproj", "{0722A045-9B10-473C-89C2-9152BF3F8EC2}"
EndProject
Project("{FAE04EC0-301F-11D3-BF4B-00C04F79EFBC}") = "MathParser.Tests", "MathParser.Tests\MathParser.Tests.csproj", "{B8533674-E9D1-4C4F-8911-EA7F6D725025}"
EndProject
Global
	GlobalSection(SolutionConfigurationPlatforms) = preSolution
		Debug|Any CPU = Debug|Any CPU
		Release|Any CPU = Release|Any CPU
	EndGlobalSection
	GlobalSection(ProjectConfigurationPlatforms) = postSolution
		{317C52C3-0CFA-46CE-9886-ACD2293783F8}.Debug|Any CPU.ActiveCfg = Debug|Any CPU
		{317C52C3-0CFA-46CE-9886-ACD2293783F8}.Debug|Any CPU.Build.0 = Debug|Any CPU
		{317C52C3-0CFA-46CE-9886-ACD2293783F8}.Release|Any CPU.ActiveCfg = Release|Any CPU
		{317C52C3-0CFA-46CE-9886-ACD2293783F8}.Release|Any CPU.Build.0 = Release|Any CPU
		{C518C89C-F3B0-447D-9365-7E719B3F35F8}.Debug|Any CPU.ActiveCfg = Debug|Any CPU
		{C518C89C-F3B0-447D-9365-7E719B3F35F8}.Debug|Any CPU.Build.0 = Debug|Any CPU
		{C518C89C-F3B0-447D-9365-7E719B3F35F8}.Release|Any CPU.ActiveCfg = Release|Any CPU
		{C518C89C-F3B0-447D-9365-7E719B3F35F8}.Release|Any CPU.Build.0 = Release|Any CPU
		{0722A045-9B10-473C-89C2-9152BF3F8EC2}.Debug|Any CPU.ActiveCfg = Debug|Any CPU
		{0722A045-9B10-473C-89C2-9152BF3F8EC2}.Debug|Any CPU.Build.0 = Debug|Any CPU
		{0722A045-9B10-473C-89C2-9152BF3F8EC2}.Release|Any CPU.ActiveCfg = Release|Any CPU
		{0722A045-9B10-473C-89C2-9152BF3F8EC2}.Release|Any CPU.Build.0 = Release|Any CPU
		{B8533674-E9D1-4C4F-8911-EA7F6D725025}.Debug|Any CPU.ActiveCfg = Debug|Any CPU
		{B8533674-E9D1-4C4F-8911-EA7F6D725025}.Debug|Any CPU.Build.0 = Debug|Any CPU
		{B8533674-E9D1-4C4F-8911-EA7F6D725025}.Release|Any CPU.ActiveCfg = Release|Any CPU
		{B8533674-E9D1-4C4F-8911-EA7F6D725025}.Release|Any CPU.Build.0 = Release|Any CPU
	EndGlobalSection
	GlobalSection(SolutionProperties) = preSolution
		HideSolutionNode = FALSE
	EndGlobalSection
	GlobalSection(ExtensibilityGlobals) = postSolution
		SolutionGuid = {5348AB5F-3CDE-4449-A4BC-AA4FD955A7F6}
	EndGlobalSection
EndGlobal
